
Microsoft Visual Studio Solution File, Format Version 12.00
# Visual Studio Version 17
VisualStudioVersion = 17.5.002.0
MinimumVisualStudioVersion = 10.0.40219.1
Project("{9A19103F-16F7-4668-BE54-9A1E7A4F7556}") = "LeaveManagementSystem", "LeaveManagementSystem.csproj", "{7701B458-9C46-42D4-A595-8773BF0FFFEA}"
EndProject
Global
	GlobalSection(SolutionConfigurationPlatforms) = preSolution
		Debug|Any CPU = Debug|Any CPU
		Release|Any CPU = Release|Any CPU
	EndGlobalSection
	GlobalSection(ProjectConfigurationPlatforms) = postSolution
		{7701B458-9C46-42D4-A595-8773BF0FFFEA}.Debug|Any CPU.ActiveCfg = Debug|Any CPU
		{7701B458-9C46-42D4-A595-8773BF0FFFEA}.Debug|Any CPU.Build.0 = Debug|Any CPU
		{7701B458-9C46-42D4-A595-8773BF0FFFEA}.Release|Any CPU.ActiveCfg = Release|Any CPU
		{7701B458-9C46-42D4-A595-8773BF0FFFEA}.Release|Any CPU.Build.0 = Release|Any CPU
	EndGlobalSection
	GlobalSection(SolutionProperties) = preSolution
		HideSolutionNode = FALSE
	EndGlobalSection
	GlobalSection(ExtensibilityGlobals) = postSolution
		SolutionGuid = {9EFFAB18-26A9-47CB-B3A8-E8210E4A323C}
	EndGlobalSection
EndGlobal
